// !$*UTF8*$!
{
	archiveVersion = 1;
	classes = {
	};
	objectVersion = 55;
	objects = {

/* Begin PBXBuildFile section */
		1B0FC8C528F5C00500F49B87 /* WebView.swift in Sources */ = {isa = PBXBuildFile; fileRef = 1B0FC8C428F5C00500F49B87 /* WebView.swift */; };
		1B182BF12869FF0A00DC9CD3 /* LocationHelper.swift in Sources */ = {isa = PBXBuildFile; fileRef = 1B182BF02869FF0A00DC9CD3 /* LocationHelper.swift */; };
		1B3179F32902DBE7001F444A /* SwiftySound in Frameworks */ = {isa = PBXBuildFile; productRef = 1B3179F22902DBE7001F444A /* SwiftySound */; };
		1B54559529082B1C001BFEEB /* DBNetworking in Frameworks */ = {isa = PBXBuildFile; productRef = 1B54559429082B1C001BFEEB /* DBNetworking */; };
		1B54559729083687001BFEEB /* EditProfileView.swift in Sources */ = {isa = PBXBuildFile; fileRef = 1B54559629083687001BFEEB /* EditProfileView.swift */; };
		1B5BC7F12833E3C8009A7DFC /* UserModel.swift in Sources */ = {isa = PBXBuildFile; fileRef = 1B5BC7F02833E3C8009A7DFC /* UserModel.swift */; };
		1B5BC7F32833E4D1009A7DFC /* ResponseModel.swift in Sources */ = {isa = PBXBuildFile; fileRef = 1B5BC7F22833E4D1009A7DFC /* ResponseModel.swift */; };
		1B652E2728620F2500A6D855 /* MapLocation.swift in Sources */ = {isa = PBXBuildFile; fileRef = 1B652E2628620F2500A6D855 /* MapLocation.swift */; };
		1B890C75283D33E200CC0A77 /* EventsView.swift in Sources */ = {isa = PBXBuildFile; fileRef = 1B890C74283D33E200CC0A77 /* EventsView.swift */; };
		1B890C77283D345F00CC0A77 /* EventModel.swift in Sources */ = {isa = PBXBuildFile; fileRef = 1B890C76283D345F00CC0A77 /* EventModel.swift */; };
		1B8BAC9E285384EA00BE4A07 /* ImageView.swift in Sources */ = {isa = PBXBuildFile; fileRef = 1B8BAC9D285384EA00BE4A07 /* ImageView.swift */; };
		1B8BACA02853A46800BE4A07 /* CartView.swift in Sources */ = {isa = PBXBuildFile; fileRef = 1B8BAC9F2853A46800BE4A07 /* CartView.swift */; };
		1B8BACA22853A57600BE4A07 /* ProfileView.swift in Sources */ = {isa = PBXBuildFile; fileRef = 1B8BACA12853A57600BE4A07 /* ProfileView.swift */; };
		1B9014362858D08D005F31D4 /* CartHelper.swift in Sources */ = {isa = PBXBuildFile; fileRef = 1B9014352858D08D005F31D4 /* CartHelper.swift */; };
		1B993EA42923DEE2009986BD /* CustumTextField.swift in Sources */ = {isa = PBXBuildFile; fileRef = 1B993EA32923DEE2009986BD /* CustumTextField.swift */; };
		1B993EA62923F5F8009986BD /* CreateEventView.swift in Sources */ = {isa = PBXBuildFile; fileRef = 1B993EA52923F5F8009986BD /* CreateEventView.swift */; };
		1B993EAB2923F691009986BD /* CreateEventAdressView.swift in Sources */ = {isa = PBXBuildFile; fileRef = 1B993EAA2923F691009986BD /* CreateEventAdressView.swift */; };
		1B9B1F9A291ABD9700AB0288 /* StringHelper.swift in Sources */ = {isa = PBXBuildFile; fileRef = 1B9B1F99291ABD9700AB0288 /* StringHelper.swift */; };
		1BAA731E286213FA003BD749 /* EventMapView.swift in Sources */ = {isa = PBXBuildFile; fileRef = 1BAA731D286213FA003BD749 /* EventMapView.swift */; };
		1BB1D3272833F76D00E233AB /* HomeView.swift in Sources */ = {isa = PBXBuildFile; fileRef = 1BB1D3262833F76D00E233AB /* HomeView.swift */; };
		1BB1D3292833F7FC00E233AB /* LoginHelper.swift in Sources */ = {isa = PBXBuildFile; fileRef = 1BB1D3282833F7FC00E233AB /* LoginHelper.swift */; };
		1BC73F602869B38900183FAF /* acquisto.mp3 in Resources */ = {isa = PBXBuildFile; fileRef = 1BC73F5F2869B38900183FAF /* acquisto.mp3 */; };
		1BCB532B282AAEE100AAF7A4 /* eventi_silviaApp.swift in Sources */ = {isa = PBXBuildFile; fileRef = 1BCB532A282AAEE100AAF7A4 /* eventi_silviaApp.swift */; };
		1BCB532F282AAEE500AAF7A4 /* Assets.xcassets in Resources */ = {isa = PBXBuildFile; fileRef = 1BCB532E282AAEE500AAF7A4 /* Assets.xcassets */; };
		1BCB5332282AAEE500AAF7A4 /* Preview Assets.xcassets in Resources */ = {isa = PBXBuildFile; fileRef = 1BCB5331282AAEE500AAF7A4 /* Preview Assets.xcassets */; };
		1BCB5339282AAF0700AAF7A4 /* splashView.swift in Sources */ = {isa = PBXBuildFile; fileRef = 1BCB5338282AAF0700AAF7A4 /* splashView.swift */; };
		1BCB5340282AB3B500AAF7A4 /* UIHelper.swift in Sources */ = {isa = PBXBuildFile; fileRef = 1BCB533F282AB3B500AAF7A4 /* UIHelper.swift */; };
		1BCB5342282AB4B400AAF7A4 /* WelcomeView.swift in Sources */ = {isa = PBXBuildFile; fileRef = 1BCB5341282AB4B400AAF7A4 /* WelcomeView.swift */; };
		1BCB5344282ABE1900AAF7A4 /* LoginView.swift in Sources */ = {isa = PBXBuildFile; fileRef = 1BCB5343282ABE1900AAF7A4 /* LoginView.swift */; };
		1BE0AB96284F9E6C00CD5751 /* EventDetailView.swift in Sources */ = {isa = PBXBuildFile; fileRef = 1BE0AB95284F9E6C00CD5751 /* EventDetailView.swift */; };
		1BFC345D2902F066003AA769 /* GalleryPicker.swift in Sources */ = {isa = PBXBuildFile; fileRef = 1BFC345C2902F066003AA769 /* GalleryPicker.swift */; };
		DB0CBB6C298032C4002AB5D1 /* Material_Metallic.1001.png in Resources */ = {isa = PBXBuildFile; fileRef = DB0CBB66298032C3002AB5D1 /* Material_Metallic.1001.png */; };
		DB0CBB6D298032C4002AB5D1 /* Material_Normal.1001.png in Resources */ = {isa = PBXBuildFile; fileRef = DB0CBB67298032C3002AB5D1 /* Material_Normal.1001.png */; };
		DB0CBB6E298032C4002AB5D1 /* Material_BaseColor.1001.png in Resources */ = {isa = PBXBuildFile; fileRef = DB0CBB68298032C3002AB5D1 /* Material_BaseColor.1001.png */; };
		DB0CBB6F298032C4002AB5D1 /* Material_Displacement.1001.png in Resources */ = {isa = PBXBuildFile; fileRef = DB0CBB69298032C4002AB5D1 /* Material_Displacement.1001.png */; };
		DB0CBB70298032C4002AB5D1 /* Material_Roughness.1001.png in Resources */ = {isa = PBXBuildFile; fileRef = DB0CBB6A298032C4002AB5D1 /* Material_Roughness.1001.png */; };
		DB0CBB71298032C4002AB5D1 /* Material_Emission.1001.png in Resources */ = {isa = PBXBuildFile; fileRef = DB0CBB6B298032C4002AB5D1 /* Material_Emission.1001.png */; };
		DB0CBB7629803BF4002AB5D1 /* snowboarding.jpg in Resources */ = {isa = PBXBuildFile; fileRef = DB0CBB7529803BF4002AB5D1 /* snowboarding.jpg */; };
		DB0CBB7729803BFE002AB5D1 /* snowboarding.mp4 in Resources */ = {isa = PBXBuildFile; fileRef = DB0CBB7429803B94002AB5D1 /* snowboarding.mp4 */; };
		DB0CBB7D2980411E002AB5D1 /* robot.obj in Resources */ = {isa = PBXBuildFile; fileRef = DB0CBB7C2980411E002AB5D1 /* robot.obj */; };
		DB0CBB7F29804129002AB5D1 /* robot.scn in Resources */ = {isa = PBXBuildFile; fileRef = DB0CBB7E29804129002AB5D1 /* robot.scn */; };
		DB2C594C2976FD9600CFAF3D /* ARView.swift in Sources */ = {isa = PBXBuildFile; fileRef = DB2C594B2976FD9600CFAF3D /* ARView.swift */; };
		DB2C594E2976FDB400CFAF3D /* book.scn in Resources */ = {isa = PBXBuildFile; fileRef = DB2C594D2976FDB400CFAF3D /* book.scn */; };
		DB2C59562976FE3800CFAF3D /* book.jpg in Resources */ = {isa = PBXBuildFile; fileRef = DB2C59552976FE3800CFAF3D /* book.jpg */; };
		DB2C59582976FE6B00CFAF3D /* CameraView.swift in Sources */ = {isa = PBXBuildFile; fileRef = DB2C59572976FE6B00CFAF3D /* CameraView.swift */; };
		DB75CB8C293F899000BC6E81 /* CreateEventDataView.swift in Sources */ = {isa = PBXBuildFile; fileRef = DB75CB8B293F899000BC6E81 /* CreateEventDataView.swift */; };
		DB75CB8E293F8AFC00BC6E81 /* CreatingEventModel.swift in Sources */ = {isa = PBXBuildFile; fileRef = DB75CB8D293F8AFC00BC6E81 /* CreatingEventModel.swift */; };
		DB75CB90293F8D0200BC6E81 /* MapView.swift in Sources */ = {isa = PBXBuildFile; fileRef = DB75CB8F293F8D0200BC6E81 /* MapView.swift */; };
		DB75CB92293F8E8900BC6E81 /* CreateEventCoverView.swift in Sources */ = {isa = PBXBuildFile; fileRef = DB75CB91293F8E8900BC6E81 /* CreateEventCoverView.swift */; };
		DB75CB94293F8EE800BC6E81 /* CreateEventCheck.swift in Sources */ = {isa = PBXBuildFile; fileRef = DB75CB93293F8EE800BC6E81 /* CreateEventCheck.swift */; };
		DBA730802948EC1600714118 /* TrisGameView.swift in Sources */ = {isa = PBXBuildFile; fileRef = DBA7307F2948EC1600714118 /* TrisGameView.swift */; };
		DBE7000A29897BFD003D3358 /* ArModel.swift in Sources */ = {isa = PBXBuildFile; fileRef = DBE7000929897BFD003D3358 /* ArModel.swift */; };
		DBFA4E79296DCD7A00853363 /* UserView.swift in Sources */ = {isa = PBXBuildFile; fileRef = DBFA4E78296DCD7A00853363 /* UserView.swift */; };
/* End PBXBuildFile section */

/* Begin PBXFileReference section */
		1B0FC8C428F5C00500F49B87 /* WebView.swift */ = {isa = PBXFileReference; lastKnownFileType = sourcecode.swift; path = WebView.swift; sourceTree = "<group>"; };
		1B182BF02869FF0A00DC9CD3 /* LocationHelper.swift */ = {isa = PBXFileReference; lastKnownFileType = sourcecode.swift; path = LocationHelper.swift; sourceTree = "<group>"; };
		1B54559629083687001BFEEB /* EditProfileView.swift */ = {isa = PBXFileReference; lastKnownFileType = sourcecode.swift; path = EditProfileView.swift; sourceTree = "<group>"; };
		1B5BC7F02833E3C8009A7DFC /* UserModel.swift */ = {isa = PBXFileReference; lastKnownFileType = sourcecode.swift; path = UserModel.swift; sourceTree = "<group>"; };
		1B5BC7F22833E4D1009A7DFC /* ResponseModel.swift */ = {isa = PBXFileReference; lastKnownFileType = sourcecode.swift; path = ResponseModel.swift; sourceTree = "<group>"; };
		1B652E2628620F2500A6D855 /* MapLocation.swift */ = {isa = PBXFileReference; lastKnownFileType = sourcecode.swift; path = MapLocation.swift; sourceTree = "<group>"; };
		1B890C74283D33E200CC0A77 /* EventsView.swift */ = {isa = PBXFileReference; lastKnownFileType = sourcecode.swift; path = EventsView.swift; sourceTree = "<group>"; };
		1B890C76283D345F00CC0A77 /* EventModel.swift */ = {isa = PBXFileReference; lastKnownFileType = sourcecode.swift; path = EventModel.swift; sourceTree = "<group>"; };
		1B8BAC9D285384EA00BE4A07 /* ImageView.swift */ = {isa = PBXFileReference; lastKnownFileType = sourcecode.swift; path = ImageView.swift; sourceTree = "<group>"; };
		1B8BAC9F2853A46800BE4A07 /* CartView.swift */ = {isa = PBXFileReference; lastKnownFileType = sourcecode.swift; path = CartView.swift; sourceTree = "<group>"; };
		1B8BACA12853A57600BE4A07 /* ProfileView.swift */ = {isa = PBXFileReference; lastKnownFileType = sourcecode.swift; path = ProfileView.swift; sourceTree = "<group>"; };
		1B9014352858D08D005F31D4 /* CartHelper.swift */ = {isa = PBXFileReference; lastKnownFileType = sourcecode.swift; path = CartHelper.swift; sourceTree = "<group>"; };
		1B993EA32923DEE2009986BD /* CustumTextField.swift */ = {isa = PBXFileReference; lastKnownFileType = sourcecode.swift; path = CustumTextField.swift; sourceTree = "<group>"; };
		1B993EA52923F5F8009986BD /* CreateEventView.swift */ = {isa = PBXFileReference; lastKnownFileType = sourcecode.swift; path = CreateEventView.swift; sourceTree = "<group>"; };
		1B993EAA2923F691009986BD /* CreateEventAdressView.swift */ = {isa = PBXFileReference; lastKnownFileType = sourcecode.swift; path = CreateEventAdressView.swift; sourceTree = "<group>"; };
		1B9B1F99291ABD9700AB0288 /* StringHelper.swift */ = {isa = PBXFileReference; lastKnownFileType = sourcecode.swift; path = StringHelper.swift; sourceTree = "<group>"; };
		1BAA731D286213FA003BD749 /* EventMapView.swift */ = {isa = PBXFileReference; lastKnownFileType = sourcecode.swift; path = EventMapView.swift; sourceTree = "<group>"; };
		1BB1D3262833F76D00E233AB /* HomeView.swift */ = {isa = PBXFileReference; lastKnownFileType = sourcecode.swift; path = HomeView.swift; sourceTree = "<group>"; };
		1BB1D3282833F7FC00E233AB /* LoginHelper.swift */ = {isa = PBXFileReference; lastKnownFileType = sourcecode.swift; path = LoginHelper.swift; sourceTree = "<group>"; };
		1BC73F5F2869B38900183FAF /* acquisto.mp3 */ = {isa = PBXFileReference; lastKnownFileType = audio.mp3; path = acquisto.mp3; sourceTree = "<group>"; };
		1BCB5327282AAEE100AAF7A4 /* eventi_silvia.app */ = {isa = PBXFileReference; explicitFileType = wrapper.application; includeInIndex = 0; path = eventi_silvia.app; sourceTree = BUILT_PRODUCTS_DIR; };
		1BCB532A282AAEE100AAF7A4 /* eventi_silviaApp.swift */ = {isa = PBXFileReference; lastKnownFileType = sourcecode.swift; path = eventi_silviaApp.swift; sourceTree = "<group>"; };
		1BCB532E282AAEE500AAF7A4 /* Assets.xcassets */ = {isa = PBXFileReference; lastKnownFileType = folder.assetcatalog; path = Assets.xcassets; sourceTree = "<group>"; };
		1BCB5331282AAEE500AAF7A4 /* Preview Assets.xcassets */ = {isa = PBXFileReference; lastKnownFileType = folder.assetcatalog; path = "Preview Assets.xcassets"; sourceTree = "<group>"; };
		1BCB5338282AAF0700AAF7A4 /* splashView.swift */ = {isa = PBXFileReference; fileEncoding = 4; lastKnownFileType = sourcecode.swift; path = splashView.swift; sourceTree = "<group>"; };
		1BCB533F282AB3B500AAF7A4 /* UIHelper.swift */ = {isa = PBXFileReference; lastKnownFileType = sourcecode.swift; path = UIHelper.swift; sourceTree = "<group>"; };
		1BCB5341282AB4B400AAF7A4 /* WelcomeView.swift */ = {isa = PBXFileReference; lastKnownFileType = sourcecode.swift; path = WelcomeView.swift; sourceTree = "<group>"; };
		1BCB5343282ABE1900AAF7A4 /* LoginView.swift */ = {isa = PBXFileReference; lastKnownFileType = sourcecode.swift; path = LoginView.swift; sourceTree = "<group>"; };
		1BE0AB95284F9E6C00CD5751 /* EventDetailView.swift */ = {isa = PBXFileReference; lastKnownFileType = sourcecode.swift; path = EventDetailView.swift; sourceTree = "<group>"; };
		1BFC345C2902F066003AA769 /* GalleryPicker.swift */ = {isa = PBXFileReference; lastKnownFileType = sourcecode.swift; path = GalleryPicker.swift; sourceTree = "<group>"; };
		DB0CBB66298032C3002AB5D1 /* Material_Metallic.1001.png */ = {isa = PBXFileReference; lastKnownFileType = image.png; path = Material_Metallic.1001.png; sourceTree = "<group>"; };
		DB0CBB67298032C3002AB5D1 /* Material_Normal.1001.png */ = {isa = PBXFileReference; lastKnownFileType = image.png; path = Material_Normal.1001.png; sourceTree = "<group>"; };
		DB0CBB68298032C3002AB5D1 /* Material_BaseColor.1001.png */ = {isa = PBXFileReference; lastKnownFileType = image.png; path = Material_BaseColor.1001.png; sourceTree = "<group>"; };
		DB0CBB69298032C4002AB5D1 /* Material_Displacement.1001.png */ = {isa = PBXFileReference; lastKnownFileType = image.png; path = Material_Displacement.1001.png; sourceTree = "<group>"; };
		DB0CBB6A298032C4002AB5D1 /* Material_Roughness.1001.png */ = {isa = PBXFileReference; lastKnownFileType = image.png; path = Material_Roughness.1001.png; sourceTree = "<group>"; };
		DB0CBB6B298032C4002AB5D1 /* Material_Emission.1001.png */ = {isa = PBXFileReference; lastKnownFileType = image.png; path = Material_Emission.1001.png; sourceTree = "<group>"; };
		DB0CBB7429803B94002AB5D1 /* snowboarding.mp4 */ = {isa = PBXFileReference; lastKnownFileType = file; path = snowboarding.mp4; sourceTree = "<group>"; };
		DB0CBB7529803BF4002AB5D1 /* snowboarding.jpg */ = {isa = PBXFileReference; lastKnownFileType = image.jpeg; path = snowboarding.jpg; sourceTree = "<group>"; };
		DB0CBB7C2980411E002AB5D1 /* robot.obj */ = {isa = PBXFileReference; fileEncoding = 4; lastKnownFileType = text; path = robot.obj; sourceTree = "<group>"; };
		DB0CBB7E29804129002AB5D1 /* robot.scn */ = {isa = PBXFileReference; lastKnownFileType = file.bplist; path = robot.scn; sourceTree = "<group>"; };
		DB2C594B2976FD9600CFAF3D /* ARView.swift */ = {isa = PBXFileReference; fileEncoding = 4; lastKnownFileType = sourcecode.swift; path = ARView.swift; sourceTree = "<group>"; };
		DB2C594D2976FDB400CFAF3D /* book.scn */ = {isa = PBXFileReference; lastKnownFileType = file.bplist; path = book.scn; sourceTree = "<group>"; };
		DB2C59552976FE3800CFAF3D /* book.jpg */ = {isa = PBXFileReference; lastKnownFileType = image.jpeg; path = book.jpg; sourceTree = "<group>"; };
		DB2C59572976FE6B00CFAF3D /* CameraView.swift */ = {isa = PBXFileReference; lastKnownFileType = sourcecode.swift; path = CameraView.swift; sourceTree = "<group>"; };
		DB75CB8B293F899000BC6E81 /* CreateEventDataView.swift */ = {isa = PBXFileReference; lastKnownFileType = sourcecode.swift; path = CreateEventDataView.swift; sourceTree = "<group>"; };
		DB75CB8D293F8AFC00BC6E81 /* CreatingEventModel.swift */ = {isa = PBXFileReference; lastKnownFileType = sourcecode.swift; path = CreatingEventModel.swift; sourceTree = "<group>"; };
		DB75CB8F293F8D0200BC6E81 /* MapView.swift */ = {isa = PBXFileReference; lastKnownFileType = sourcecode.swift; path = MapView.swift; sourceTree = "<group>"; };
		DB75CB91293F8E8900BC6E81 /* CreateEventCoverView.swift */ = {isa = PBXFileReference; lastKnownFileType = sourcecode.swift; path = CreateEventCoverView.swift; sourceTree = "<group>"; };
		DB75CB93293F8EE800BC6E81 /* CreateEventCheck.swift */ = {isa = PBXFileReference; lastKnownFileType = sourcecode.swift; path = CreateEventCheck.swift; sourceTree = "<group>"; };
		DBA7307F2948EC1600714118 /* TrisGameView.swift */ = {isa = PBXFileReference; lastKnownFileType = sourcecode.swift; path = TrisGameView.swift; sourceTree = "<group>"; };
		DBE7000929897BFD003D3358 /* ArModel.swift */ = {isa = PBXFileReference; lastKnownFileType = sourcecode.swift; path = ArModel.swift; sourceTree = "<group>"; };
		DBFA4E78296DCD7A00853363 /* UserView.swift */ = {isa = PBXFileReference; lastKnownFileType = sourcecode.swift; path = UserView.swift; sourceTree = "<group>"; };
/* End PBXFileReference section */

/* Begin PBXFrameworksBuildPhase section */
		1BCB5324282AAEE100AAF7A4 /* Frameworks */ = {
			isa = PBXFrameworksBuildPhase;
			buildActionMask = 2147483647;
			files = (
				1B54559529082B1C001BFEEB /* DBNetworking in Frameworks */,
				1B3179F32902DBE7001F444A /* SwiftySound in Frameworks */,
			);
			runOnlyForDeploymentPostprocessing = 0;
		};
/* End PBXFrameworksBuildPhase section */

/* Begin PBXGroup section */
		1B5BC7EF2833E39E009A7DFC /* Models */ = {
			isa = PBXGroup;
			children = (
				DBE7000929897BFD003D3358 /* ArModel.swift */,
				1B5BC7F02833E3C8009A7DFC /* UserModel.swift */,
				1B5BC7F22833E4D1009A7DFC /* ResponseModel.swift */,
				1B890C76283D345F00CC0A77 /* EventModel.swift */,
				DB75CB8D293F8AFC00BC6E81 /* CreatingEventModel.swift */,
				1B652E2628620F2500A6D855 /* MapLocation.swift */,
				1BB1D32A2833F81B00E233AB /* Helpers */,
			);
			path = Models;
			sourceTree = "<group>";
		};
		1B993EA92923F670009986BD /* Create Event */ = {
			isa = PBXGroup;
			children = (
				1B993EA52923F5F8009986BD /* CreateEventView.swift */,
				DB75CB8B293F899000BC6E81 /* CreateEventDataView.swift */,
				DB75CB91293F8E8900BC6E81 /* CreateEventCoverView.swift */,
				DB75CB93293F8EE800BC6E81 /* CreateEventCheck.swift */,
				1B993EAA2923F691009986BD /* CreateEventAdressView.swift */,
			);
			path = "Create Event";
			sourceTree = "<group>";
		};
		1BB1D32A2833F81B00E233AB /* Helpers */ = {
			isa = PBXGroup;
			children = (
				1B9014352858D08D005F31D4 /* CartHelper.swift */,
				1BCB533F282AB3B500AAF7A4 /* UIHelper.swift */,
				1BB1D3282833F7FC00E233AB /* LoginHelper.swift */,
				1B182BF02869FF0A00DC9CD3 /* LocationHelper.swift */,
				1B9B1F99291ABD9700AB0288 /* StringHelper.swift */,
			);
			path = Helpers;
			sourceTree = "<group>";
		};
		1BC73F5C2869B28F00183FAF /* Resources */ = {
			isa = PBXGroup;
			children = (
				1BC73F5F2869B38900183FAF /* acquisto.mp3 */,
			);
			path = Resources;
			sourceTree = "<group>";
		};
		1BCB531E282AAEE100AAF7A4 = {
			isa = PBXGroup;
			children = (
				1BCB5329282AAEE100AAF7A4 /* eventi_silvia */,
				1BCB5328282AAEE100AAF7A4 /* Products */,
			);
			sourceTree = "<group>";
		};
		1BCB5328282AAEE100AAF7A4 /* Products */ = {
			isa = PBXGroup;
			children = (
				1BCB5327282AAEE100AAF7A4 /* eventi_silvia.app */,
			);
			name = Products;
			sourceTree = "<group>";
		};
		1BCB5329282AAEE100AAF7A4 /* eventi_silvia */ = {
			isa = PBXGroup;
			children = (
				DB2C59542976FE1700CFAF3D /* 3dOBJ */,
				DB2C59532976FDFF00CFAF3D /* ar */,
				1BCB5338282AAF0700AAF7A4 /* splashView.swift */,
				1BCB532A282AAEE100AAF7A4 /* eventi_silviaApp.swift */,
				1BAA731D286213FA003BD749 /* EventMapView.swift */,
				1BCB5341282AB4B400AAF7A4 /* WelcomeView.swift */,
				1B890C74283D33E200CC0A77 /* EventsView.swift */,
				1B8BAC9D285384EA00BE4A07 /* ImageView.swift */,
				DBA7307F2948EC1600714118 /* TrisGameView.swift */,
				1B8BAC9F2853A46800BE4A07 /* CartView.swift */,
				DB75CB8F293F8D0200BC6E81 /* MapView.swift */,
				1B8BACA12853A57600BE4A07 /* ProfileView.swift */,
				1B0FC8C428F5C00500F49B87 /* WebView.swift */,
				1BE0AB95284F9E6C00CD5751 /* EventDetailView.swift */,
				DBFA4E78296DCD7A00853363 /* UserView.swift */,
				1B993EA32923DEE2009986BD /* CustumTextField.swift */,
				1B993EA92923F670009986BD /* Create Event */,
				1BB1D3262833F76D00E233AB /* HomeView.swift */,
				1B54559629083687001BFEEB /* EditProfileView.swift */,
				1BFC345C2902F066003AA769 /* GalleryPicker.swift */,
				1BCB5343282ABE1900AAF7A4 /* LoginView.swift */,
				1BC73F5C2869B28F00183FAF /* Resources */,
				1B5BC7EF2833E39E009A7DFC /* Models */,
				1BCB532E282AAEE500AAF7A4 /* Assets.xcassets */,
				1BCB5330282AAEE500AAF7A4 /* Preview Content */,
			);
			path = eventi_silvia;
			sourceTree = "<group>";
		};
		1BCB5330282AAEE500AAF7A4 /* Preview Content */ = {
			isa = PBXGroup;
			children = (
				1BCB5331282AAEE500AAF7A4 /* Preview Assets.xcassets */,
			);
			path = "Preview Content";
			sourceTree = "<group>";
		};
		DB2C59532976FDFF00CFAF3D /* ar */ = {
			isa = PBXGroup;
			children = (
				DB2C594B2976FD9600CFAF3D /* ARView.swift */,
				DB2C59572976FE6B00CFAF3D /* CameraView.swift */,
			);
			path = ar;
			sourceTree = "<group>";
		};
		DB2C59542976FE1700CFAF3D /* 3dOBJ */ = {
			isa = PBXGroup;
			children = (
				DB2C59552976FE3800CFAF3D /* book.jpg */,
				DB0CBB68298032C3002AB5D1 /* Material_BaseColor.1001.png */,
				DB0CBB69298032C4002AB5D1 /* Material_Displacement.1001.png */,
				DB0CBB6B298032C4002AB5D1 /* Material_Emission.1001.png */,
				DB0CBB7529803BF4002AB5D1 /* snowboarding.jpg */,
				DB0CBB7429803B94002AB5D1 /* snowboarding.mp4 */,
				DB0CBB66298032C3002AB5D1 /* Material_Metallic.1001.png */,
				DB0CBB67298032C3002AB5D1 /* Material_Normal.1001.png */,
				DB0CBB6A298032C4002AB5D1 /* Material_Roughness.1001.png */,
				DB0CBB7C2980411E002AB5D1 /* robot.obj */,
				DB0CBB7E29804129002AB5D1 /* robot.scn */,
				DB2C594D2976FDB400CFAF3D /* book.scn */,
			);
			path = 3dOBJ;
			sourceTree = "<group>";
		};
/* End PBXGroup section */

/* Begin PBXNativeTarget section */
		1BCB5326282AAEE100AAF7A4 /* eventi_silvia */ = {
			isa = PBXNativeTarget;
			buildConfigurationList = 1BCB5335282AAEE500AAF7A4 /* Build configuration list for PBXNativeTarget "eventi_silvia" */;
			buildPhases = (
				1BCB5323282AAEE100AAF7A4 /* Sources */,
				1BCB5324282AAEE100AAF7A4 /* Frameworks */,
				1BCB5325282AAEE100AAF7A4 /* Resources */,
			);
			buildRules = (
			);
			dependencies = (
			);
			name = eventi_silvia;
			packageProductDependencies = (
				1B3179F22902DBE7001F444A /* SwiftySound */,
				1B54559429082B1C001BFEEB /* DBNetworking */,
			);
			productName = eventi_silvia;
			productReference = 1BCB5327282AAEE100AAF7A4 /* eventi_silvia.app */;
			productType = "com.apple.product-type.application";
		};
/* End PBXNativeTarget section */

/* Begin PBXProject section */
		1BCB531F282AAEE100AAF7A4 /* Project object */ = {
			isa = PBXProject;
			attributes = {
				BuildIndependentTargetsInParallel = 1;
				LastSwiftUpdateCheck = 1300;
				LastUpgradeCheck = 1300;
				TargetAttributes = {
					1BCB5326282AAEE100AAF7A4 = {
						CreatedOnToolsVersion = 13.0;
					};
				};
			};
			buildConfigurationList = 1BCB5322282AAEE100AAF7A4 /* Build configuration list for PBXProject "eventi_silvia" */;
			compatibilityVersion = "Xcode 13.0";
			developmentRegion = en;
			hasScannedForEncodings = 0;
			knownRegions = (
				en,
				Base,
			);
			mainGroup = 1BCB531E282AAEE100AAF7A4;
			packageReferences = (
				1B3179F12902DBE7001F444A /* XCRemoteSwiftPackageReference "SwiftySound" */,
				1B54559329082B1C001BFEEB /* XCRemoteSwiftPackageReference "dbnetworking" */,
			);
			productRefGroup = 1BCB5328282AAEE100AAF7A4 /* Products */;
			projectDirPath = "";
			projectRoot = "";
			targets = (
				1BCB5326282AAEE100AAF7A4 /* eventi_silvia */,
			);
		};
/* End PBXProject section */

/* Begin PBXResourcesBuildPhase section */
		1BCB5325282AAEE100AAF7A4 /* Resources */ = {
			isa = PBXResourcesBuildPhase;
			buildActionMask = 2147483647;
			files = (
				1BCB5332282AAEE500AAF7A4 /* Preview Assets.xcassets in Resources */,
				DB2C594E2976FDB400CFAF3D /* book.scn in Resources */,
				DB0CBB7D2980411E002AB5D1 /* robot.obj in Resources */,
				DB0CBB71298032C4002AB5D1 /* Material_Emission.1001.png in Resources */,
				DB0CBB7629803BF4002AB5D1 /* snowboarding.jpg in Resources */,
				DB0CBB70298032C4002AB5D1 /* Material_Roughness.1001.png in Resources */,
				DB0CBB7F29804129002AB5D1 /* robot.scn in Resources */,
				DB0CBB6D298032C4002AB5D1 /* Material_Normal.1001.png in Resources */,
				DB0CBB6E298032C4002AB5D1 /* Material_BaseColor.1001.png in Resources */,
				DB0CBB6F298032C4002AB5D1 /* Material_Displacement.1001.png in Resources */,
				DB0CBB6C298032C4002AB5D1 /* Material_Metallic.1001.png in Resources */,
				1BC73F602869B38900183FAF /* acquisto.mp3 in Resources */,
				DB2C59562976FE3800CFAF3D /* book.jpg in Resources */,
				DB0CBB7729803BFE002AB5D1 /* snowboarding.mp4 in Resources */,
				1BCB532F282AAEE500AAF7A4 /* Assets.xcassets in Resources */,
			);
			runOnlyForDeploymentPostprocessing = 0;
		};
/* End PBXResourcesBuildPhase section */

/* Begin PBXSourcesBuildPhase section */
		1BCB5323282AAEE100AAF7A4 /* Sources */ = {
			isa = PBXSourcesBuildPhase;
			buildActionMask = 2147483647;
			files = (
				1B8BACA02853A46800BE4A07 /* CartView.swift in Sources */,
				1BB1D3272833F76D00E233AB /* HomeView.swift in Sources */,
				1B9014362858D08D005F31D4 /* CartHelper.swift in Sources */,
				DB75CB90293F8D0200BC6E81 /* MapView.swift in Sources */,
				DBE7000A29897BFD003D3358 /* ArModel.swift in Sources */,
				DBA730802948EC1600714118 /* TrisGameView.swift in Sources */,
				DB2C594C2976FD9600CFAF3D /* ARView.swift in Sources */,
				1BAA731E286213FA003BD749 /* EventMapView.swift in Sources */,
				1B182BF12869FF0A00DC9CD3 /* LocationHelper.swift in Sources */,
				DB2C59582976FE6B00CFAF3D /* CameraView.swift in Sources */,
				1BE0AB96284F9E6C00CD5751 /* EventDetailView.swift in Sources */,
				1B0FC8C528F5C00500F49B87 /* WebView.swift in Sources */,
				DB75CB94293F8EE800BC6E81 /* CreateEventCheck.swift in Sources */,
				1BCB5339282AAF0700AAF7A4 /* splashView.swift in Sources */,
				1B5BC7F12833E3C8009A7DFC /* UserModel.swift in Sources */,
				1BCB532B282AAEE100AAF7A4 /* eventi_silviaApp.swift in Sources */,
				1B993EA42923DEE2009986BD /* CustumTextField.swift in Sources */,
				1B993EAB2923F691009986BD /* CreateEventAdressView.swift in Sources */,
				1BCB5340282AB3B500AAF7A4 /* UIHelper.swift in Sources */,
				1B8BACA22853A57600BE4A07 /* ProfileView.swift in Sources */,
				1BCB5344282ABE1900AAF7A4 /* LoginView.swift in Sources */,
				1B5BC7F32833E4D1009A7DFC /* ResponseModel.swift in Sources */,
				DB75CB92293F8E8900BC6E81 /* CreateEventCoverView.swift in Sources */,
				1B54559729083687001BFEEB /* EditProfileView.swift in Sources */,
				1BCB5342282AB4B400AAF7A4 /* WelcomeView.swift in Sources */,
				DBFA4E79296DCD7A00853363 /* UserView.swift in Sources */,
				1B652E2728620F2500A6D855 /* MapLocation.swift in Sources */,
				1B890C75283D33E200CC0A77 /* EventsView.swift in Sources */,
				1B890C77283D345F00CC0A77 /* EventModel.swift in Sources */,
				1BFC345D2902F066003AA769 /* GalleryPicker.swift in Sources */,
				1B8BAC9E285384EA00BE4A07 /* ImageView.swift in Sources */,
				1B993EA62923F5F8009986BD /* CreateEventView.swift in Sources */,
				DB75CB8E293F8AFC00BC6E81 /* CreatingEventModel.swift in Sources */,
				1BB1D3292833F7FC00E233AB /* LoginHelper.swift in Sources */,
				1B9B1F9A291ABD9700AB0288 /* StringHelper.swift in Sources */,
				DB75CB8C293F899000BC6E81 /* CreateEventDataView.swift in Sources */,
			);
			runOnlyForDeploymentPostprocessing = 0;
		};
/* End PBXSourcesBuildPhase section */

/* Begin XCBuildConfiguration section */
		1BCB5333282AAEE500AAF7A4 /* Debug */ = {
			isa = XCBuildConfiguration;
			buildSettings = {
				ALWAYS_SEARCH_USER_PATHS = NO;
				CLANG_ANALYZER_NONNULL = YES;
				CLANG_ANALYZER_NUMBER_OBJECT_CONVERSION = YES_AGGRESSIVE;
				CLANG_CXX_LANGUAGE_STANDARD = "gnu++17";
				CLANG_CXX_LIBRARY = "libc++";
				CLANG_ENABLE_MODULES = YES;
				CLANG_ENABLE_OBJC_ARC = YES;
				CLANG_ENABLE_OBJC_WEAK = YES;
				CLANG_WARN_BLOCK_CAPTURE_AUTORELEASING = YES;
				CLANG_WARN_BOOL_CONVERSION = YES;
				CLANG_WARN_COMMA = YES;
				CLANG_WARN_CONSTANT_CONVERSION = YES;
				CLANG_WARN_DEPRECATED_OBJC_IMPLEMENTATIONS = YES;
				CLANG_WARN_DIRECT_OBJC_ISA_USAGE = YES_ERROR;
				CLANG_WARN_DOCUMENTATION_COMMENTS = YES;
				CLANG_WARN_EMPTY_BODY = YES;
				CLANG_WARN_ENUM_CONVERSION = YES;
				CLANG_WARN_INFINITE_RECURSION = YES;
				CLANG_WARN_INT_CONVERSION = YES;
				CLANG_WARN_NON_LITERAL_NULL_CONVERSION = YES;
				CLANG_WARN_OBJC_IMPLICIT_RETAIN_SELF = YES;
				CLANG_WARN_OBJC_LITERAL_CONVERSION = YES;
				CLANG_WARN_OBJC_ROOT_CLASS = YES_ERROR;
				CLANG_WARN_QUOTED_INCLUDE_IN_FRAMEWORK_HEADER = YES;
				CLANG_WARN_RANGE_LOOP_ANALYSIS = YES;
				CLANG_WARN_STRICT_PROTOTYPES = YES;
				CLANG_WARN_SUSPICIOUS_MOVE = YES;
				CLANG_WARN_UNGUARDED_AVAILABILITY = YES_AGGRESSIVE;
				CLANG_WARN_UNREACHABLE_CODE = YES;
				CLANG_WARN__DUPLICATE_METHOD_MATCH = YES;
				COPY_PHASE_STRIP = NO;
				DEBUG_INFORMATION_FORMAT = dwarf;
				ENABLE_STRICT_OBJC_MSGSEND = YES;
				ENABLE_TESTABILITY = YES;
				GCC_C_LANGUAGE_STANDARD = gnu11;
				GCC_DYNAMIC_NO_PIC = NO;
				GCC_NO_COMMON_BLOCKS = YES;
				GCC_OPTIMIZATION_LEVEL = 0;
				GCC_PREPROCESSOR_DEFINITIONS = (
					"DEBUG=1",
					"$(inherited)",
				);
				GCC_WARN_64_TO_32_BIT_CONVERSION = YES;
				GCC_WARN_ABOUT_RETURN_TYPE = YES_ERROR;
				GCC_WARN_UNDECLARED_SELECTOR = YES;
				GCC_WARN_UNINITIALIZED_AUTOS = YES_AGGRESSIVE;
				GCC_WARN_UNUSED_FUNCTION = YES;
				GCC_WARN_UNUSED_VARIABLE = YES;
				IPHONEOS_DEPLOYMENT_TARGET = 15.0;
				MTL_ENABLE_DEBUG_INFO = INCLUDE_SOURCE;
				MTL_FAST_MATH = YES;
				ONLY_ACTIVE_ARCH = YES;
				SDKROOT = iphoneos;
				SWIFT_ACTIVE_COMPILATION_CONDITIONS = DEBUG;
				SWIFT_OPTIMIZATION_LEVEL = "-Onone";
			};
			name = Debug;
		};
		1BCB5334282AAEE500AAF7A4 /* Release */ = {
			isa = XCBuildConfiguration;
			buildSettings = {
				ALWAYS_SEARCH_USER_PATHS = NO;
				CLANG_ANALYZER_NONNULL = YES;
				CLANG_ANALYZER_NUMBER_OBJECT_CONVERSION = YES_AGGRESSIVE;
				CLANG_CXX_LANGUAGE_STANDARD = "gnu++17";
				CLANG_CXX_LIBRARY = "libc++";
				CLANG_ENABLE_MODULES = YES;
				CLANG_ENABLE_OBJC_ARC = YES;
				CLANG_ENABLE_OBJC_WEAK = YES;
				CLANG_WARN_BLOCK_CAPTURE_AUTORELEASING = YES;
				CLANG_WARN_BOOL_CONVERSION = YES;
				CLANG_WARN_COMMA = YES;
				CLANG_WARN_CONSTANT_CONVERSION = YES;
				CLANG_WARN_DEPRECATED_OBJC_IMPLEMENTATIONS = YES;
				CLANG_WARN_DIRECT_OBJC_ISA_USAGE = YES_ERROR;
				CLANG_WARN_DOCUMENTATION_COMMENTS = YES;
				CLANG_WARN_EMPTY_BODY = YES;
				CLANG_WARN_ENUM_CONVERSION = YES;
				CLANG_WARN_INFINITE_RECURSION = YES;
				CLANG_WARN_INT_CONVERSION = YES;
				CLANG_WARN_NON_LITERAL_NULL_CONVERSION = YES;
				CLANG_WARN_OBJC_IMPLICIT_RETAIN_SELF = YES;
				CLANG_WARN_OBJC_LITERAL_CONVERSION = YES;
				CLANG_WARN_OBJC_ROOT_CLASS = YES_ERROR;
				CLANG_WARN_QUOTED_INCLUDE_IN_FRAMEWORK_HEADER = YES;
				CLANG_WARN_RANGE_LOOP_ANALYSIS = YES;
				CLANG_WARN_STRICT_PROTOTYPES = YES;
				CLANG_WARN_SUSPICIOUS_MOVE = YES;
				CLANG_WARN_UNGUARDED_AVAILABILITY = YES_AGGRESSIVE;
				CLANG_WARN_UNREACHABLE_CODE = YES;
				CLANG_WARN__DUPLICATE_METHOD_MATCH = YES;
				COPY_PHASE_STRIP = NO;
				DEBUG_INFORMATION_FORMAT = "dwarf-with-dsym";
				ENABLE_NS_ASSERTIONS = NO;
				ENABLE_STRICT_OBJC_MSGSEND = YES;
				GCC_C_LANGUAGE_STANDARD = gnu11;
				GCC_NO_COMMON_BLOCKS = YES;
				GCC_WARN_64_TO_32_BIT_CONVERSION = YES;
				GCC_WARN_ABOUT_RETURN_TYPE = YES_ERROR;
				GCC_WARN_UNDECLARED_SELECTOR = YES;
				GCC_WARN_UNINITIALIZED_AUTOS = YES_AGGRESSIVE;
				GCC_WARN_UNUSED_FUNCTION = YES;
				GCC_WARN_UNUSED_VARIABLE = YES;
				IPHONEOS_DEPLOYMENT_TARGET = 15.0;
				MTL_ENABLE_DEBUG_INFO = NO;
				MTL_FAST_MATH = YES;
				SDKROOT = iphoneos;
				SWIFT_COMPILATION_MODE = wholemodule;
				SWIFT_OPTIMIZATION_LEVEL = "-O";
				VALIDATE_PRODUCT = YES;
			};
			name = Release;
		};
		1BCB5336282AAEE500AAF7A4 /* Debug */ = {
			isa = XCBuildConfiguration;
			buildSettings = {
				ASSETCATALOG_COMPILER_APPICON_NAME = AppIcon;
				ASSETCATALOG_COMPILER_GLOBAL_ACCENT_COLOR_NAME = AccentColor;
				CODE_SIGN_STYLE = Automatic;
				CURRENT_PROJECT_VERSION = 1;
				DEVELOPMENT_ASSET_PATHS = "\"eventi_silvia/Preview Content\"";
				DEVELOPMENT_TEAM = KJJCH7T339;
				ENABLE_PREVIEWS = YES;
				GENERATE_INFOPLIST_FILE = YES;
				INFOPLIST_KEY_NSCameraUsageDescription = "";
				INFOPLIST_KEY_UIApplicationSceneManifest_Generation = YES;
				INFOPLIST_KEY_UIApplicationSupportsIndirectInputEvents = YES;
				INFOPLIST_KEY_UILaunchScreen_Generation = YES;
				INFOPLIST_KEY_UISupportedInterfaceOrientations_iPad = "UIInterfaceOrientationPortrait UIInterfaceOrientationPortraitUpsideDown UIInterfaceOrientationLandscapeLeft UIInterfaceOrientationLandscapeRight";
				INFOPLIST_KEY_UISupportedInterfaceOrientations_iPhone = "UIInterfaceOrientationPortrait UIInterfaceOrientationLandscapeLeft UIInterfaceOrientationLandscapeRight";
				IPHONEOS_DEPLOYMENT_TARGET = 15.0;
				LD_RUNPATH_SEARCH_PATHS = (
					"$(inherited)",
					"@executable_path/Frameworks",
				);
				MARKETING_VERSION = 1.0;
				PRODUCT_BUNDLE_IDENTIFIER = "test.eventi-silvia";
				PRODUCT_NAME = "$(TARGET_NAME)";
				SWIFT_EMIT_LOC_STRINGS = YES;
				SWIFT_VERSION = 5.0;
				TARGETED_DEVICE_FAMILY = "1,2";
			};
			name = Debug;
		};
		1BCB5337282AAEE500AAF7A4 /* Release */ = {
			isa = XCBuildConfiguration;
			buildSettings = {
				ASSETCATALOG_COMPILER_APPICON_NAME = AppIcon;
				ASSETCATALOG_COMPILER_GLOBAL_ACCENT_COLOR_NAME = AccentColor;
				CODE_SIGN_STYLE = Automatic;
				CURRENT_PROJECT_VERSION = 1;
				DEVELOPMENT_ASSET_PATHS = "\"eventi_silvia/Preview Content\"";
				DEVELOPMENT_TEAM = KJJCH7T339;
				ENABLE_PREVIEWS = YES;
				GENERATE_INFOPLIST_FILE = YES;
				INFOPLIST_KEY_NSCameraUsageDescription = "";
				INFOPLIST_KEY_UIApplicationSceneManifest_Generation = YES;
				INFOPLIST_KEY_UIApplicationSupportsIndirectInputEvents = YES;
				INFOPLIST_KEY_UILaunchScreen_Generation = YES;
				INFOPLIST_KEY_UISupportedInterfaceOrientations_iPad = "UIInterfaceOrientationPortrait UIInterfaceOrientationPortraitUpsideDown UIInterfaceOrientationLandscapeLeft UIInterfaceOrientationLandscapeRight";
				INFOPLIST_KEY_UISupportedInterfaceOrientations_iPhone = "UIInterfaceOrientationPortrait UIInterfaceOrientationLandscapeLeft UIInterfaceOrientationLandscapeRight";
				IPHONEOS_DEPLOYMENT_TARGET = 15.0;
				LD_RUNPATH_SEARCH_PATHS = (
					"$(inherited)",
					"@executable_path/Frameworks",
				);
				MARKETING_VERSION = 1.0;
				PRODUCT_BUNDLE_IDENTIFIER = "test.eventi-silvia";
				PRODUCT_NAME = "$(TARGET_NAME)";
				SWIFT_EMIT_LOC_STRINGS = YES;
				SWIFT_VERSION = 5.0;
				TARGETED_DEVICE_FAMILY = "1,2";
			};
			name = Release;
		};
/* End XCBuildConfiguration section */

/* Begin XCConfigurationList section */
		1BCB5322282AAEE100AAF7A4 /* Build configuration list for PBXProject "eventi_silvia" */ = {
			isa = XCConfigurationList;
			buildConfigurations = (
				1BCB5333282AAEE500AAF7A4 /* Debug */,
				1BCB5334282AAEE500AAF7A4 /* Release */,
			);
			defaultConfigurationIsVisible = 0;
			defaultConfigurationName = Release;
		};
		1BCB5335282AAEE500AAF7A4 /* Build configuration list for PBXNativeTarget "eventi_silvia" */ = {
			isa = XCConfigurationList;
			buildConfigurations = (
				1BCB5336282AAEE500AAF7A4 /* Debug */,
				1BCB5337282AAEE500AAF7A4 /* Release */,
			);
			defaultConfigurationIsVisible = 0;
			defaultConfigurationName = Release;
		};
/* End XCConfigurationList section */

/* Begin XCRemoteSwiftPackageReference section */
		1B3179F12902DBE7001F444A /* XCRemoteSwiftPackageReference "SwiftySound" */ = {
			isa = XCRemoteSwiftPackageReference;
			repositoryURL = "https://github.com/adamcichy/SwiftySound";
			requirement = {
				kind = upToNextMajorVersion;
				minimumVersion = 1.0.0;
			};
		};
		1B54559329082B1C001BFEEB /* XCRemoteSwiftPackageReference "dbnetworking" */ = {
			isa = XCRemoteSwiftPackageReference;
			repositoryURL = "https://github.com/davidebalistreri/dbnetworking";
			requirement = {
				kind = upToNextMajorVersion;
				minimumVersion = 1.0.0;
			};
		};
/* End XCRemoteSwiftPackageReference section */

/* Begin XCSwiftPackageProductDependency section */
		1B3179F22902DBE7001F444A /* SwiftySound */ = {
			isa = XCSwiftPackageProductDependency;
			package = 1B3179F12902DBE7001F444A /* XCRemoteSwiftPackageReference "SwiftySound" */;
			productName = SwiftySound;
		};
		1B54559429082B1C001BFEEB /* DBNetworking */ = {
			isa = XCSwiftPackageProductDependency;
			package = 1B54559329082B1C001BFEEB /* XCRemoteSwiftPackageReference "dbnetworking" */;
			productName = DBNetworking;
		};
/* End XCSwiftPackageProductDependency section */
	};
	rootObject = 1BCB531F282AAEE100AAF7A4 /* Project object */;
}
