// !$*UTF8*$!
{
	archiveVersion = 1;
	classes = {
	};
	objectVersion = 55;
	objects = {

/* Begin PBXBuildFile section */
		1B5BC7EE2833E0AB009A7DFC /* DBNetworking.swift in Sources */ = {isa = PBXBuildFile; fileRef = 1B5BC7ED2833E0AB009A7DFC /* DBNetworking.swift */; };
		1B5BC7F12833E3C8009A7DFC /* UserModel.swift in Sources */ = {isa = PBXBuildFile; fileRef = 1B5BC7F02833E3C8009A7DFC /* UserModel.swift */; };
		1B5BC7F32833E4D1009A7DFC /* ResponseModel.swift in Sources */ = {isa = PBXBuildFile; fileRef = 1B5BC7F22833E4D1009A7DFC /* ResponseModel.swift */; };
		1B890C75283D33E200CC0A77 /* EventsView.swift in Sources */ = {isa = PBXBuildFile; fileRef = 1B890C74283D33E200CC0A77 /* EventsView.swift */; };
		1B890C77283D345F00CC0A77 /* EventModel.swift in Sources */ = {isa = PBXBuildFile; fileRef = 1B890C76283D345F00CC0A77 /* EventModel.swift */; };
		1B8BAC9E285384EA00BE4A07 /* ImageView.swift in Sources */ = {isa = PBXBuildFile; fileRef = 1B8BAC9D285384EA00BE4A07 /* ImageView.swift */; };
		1B8BACA02853A46800BE4A07 /* CartView.swift in Sources */ = {isa = PBXBuildFile; fileRef = 1B8BAC9F2853A46800BE4A07 /* CartView.swift */; };
		1B8BACA22853A57600BE4A07 /* ProfileView.swift in Sources */ = {isa = PBXBuildFile; fileRef = 1B8BACA12853A57600BE4A07 /* ProfileView.swift */; };
		1BB1D3272833F76D00E233AB /* HomeView.swift in Sources */ = {isa = PBXBuildFile; fileRef = 1BB1D3262833F76D00E233AB /* HomeView.swift */; };
		1BB1D3292833F7FC00E233AB /* LoginHelper.swift in Sources */ = {isa = PBXBuildFile; fileRef = 1BB1D3282833F7FC00E233AB /* LoginHelper.swift */; };
		1BCB532B282AAEE100AAF7A4 /* eventi_silviaApp.swift in Sources */ = {isa = PBXBuildFile; fileRef = 1BCB532A282AAEE100AAF7A4 /* eventi_silviaApp.swift */; };
		1BCB532F282AAEE500AAF7A4 /* Assets.xcassets in Resources */ = {isa = PBXBuildFile; fileRef = 1BCB532E282AAEE500AAF7A4 /* Assets.xcassets */; };
		1BCB5332282AAEE500AAF7A4 /* Preview Assets.xcassets in Resources */ = {isa = PBXBuildFile; fileRef = 1BCB5331282AAEE500AAF7A4 /* Preview Assets.xcassets */; };
		1BCB5339282AAF0700AAF7A4 /* splashView.swift in Sources */ = {isa = PBXBuildFile; fileRef = 1BCB5338282AAF0700AAF7A4 /* splashView.swift */; };
		1BCB5340282AB3B500AAF7A4 /* UIHelper.swift in Sources */ = {isa = PBXBuildFile; fileRef = 1BCB533F282AB3B500AAF7A4 /* UIHelper.swift */; };
		1BCB5342282AB4B400AAF7A4 /* WelcomeView.swift in Sources */ = {isa = PBXBuildFile; fileRef = 1BCB5341282AB4B400AAF7A4 /* WelcomeView.swift */; };
		1BCB5344282ABE1900AAF7A4 /* LoginView.swift in Sources */ = {isa = PBXBuildFile; fileRef = 1BCB5343282ABE1900AAF7A4 /* LoginView.swift */; };
		1BE0AB96284F9E6C00CD5751 /* EventDetailView.swift in Sources */ = {isa = PBXBuildFile; fileRef = 1BE0AB95284F9E6C00CD5751 /* EventDetailView.swift */; };
/* End PBXBuildFile section */

/* Begin PBXFileReference section */
		1B5BC7ED2833E0AB009A7DFC /* DBNetworking.swift */ = {isa = PBXFileReference; fileEncoding = 4; lastKnownFileType = sourcecode.swift; path = DBNetworking.swift; sourceTree = "<group>"; };
		1B5BC7F02833E3C8009A7DFC /* UserModel.swift */ = {isa = PBXFileReference; lastKnownFileType = sourcecode.swift; path = UserModel.swift; sourceTree = "<group>"; };
		1B5BC7F22833E4D1009A7DFC /* ResponseModel.swift */ = {isa = PBXFileReference; lastKnownFileType = sourcecode.swift; path = ResponseModel.swift; sourceTree = "<group>"; };
		1B890C74283D33E200CC0A77 /* EventsView.swift */ = {isa = PBXFileReference; lastKnownFileType = sourcecode.swift; path = EventsView.swift; sourceTree = "<group>"; };
		1B890C76283D345F00CC0A77 /* EventModel.swift */ = {isa = PBXFileReference; lastKnownFileType = sourcecode.swift; path = EventModel.swift; sourceTree = "<group>"; };
		1B8BAC9D285384EA00BE4A07 /* ImageView.swift */ = {isa = PBXFileReference; lastKnownFileType = sourcecode.swift; path = ImageView.swift; sourceTree = "<group>"; };
		1B8BAC9F2853A46800BE4A07 /* CartView.swift */ = {isa = PBXFileReference; lastKnownFileType = sourcecode.swift; path = CartView.swift; sourceTree = "<group>"; };
		1B8BACA12853A57600BE4A07 /* ProfileView.swift */ = {isa = PBXFileReference; lastKnownFileType = sourcecode.swift; path = ProfileView.swift; sourceTree = "<group>"; };
		1BB1D3262833F76D00E233AB /* HomeView.swift */ = {isa = PBXFileReference; lastKnownFileType = sourcecode.swift; path = HomeView.swift; sourceTree = "<group>"; };
		1BB1D3282833F7FC00E233AB /* LoginHelper.swift */ = {isa = PBXFileReference; lastKnownFileType = sourcecode.swift; path = LoginHelper.swift; sourceTree = "<group>"; };
		1BCB5327282AAEE100AAF7A4 /* eventi_silvia.app */ = {isa = PBXFileReference; explicitFileType = wrapper.application; includeInIndex = 0; path = eventi_silvia.app; sourceTree = BUILT_PRODUCTS_DIR; };
		1BCB532A282AAEE100AAF7A4 /* eventi_silviaApp.swift */ = {isa = PBXFileReference; lastKnownFileType = sourcecode.swift; path = eventi_silviaApp.swift; sourceTree = "<group>"; };
		1BCB532E282AAEE500AAF7A4 /* Assets.xcassets */ = {isa = PBXFileReference; lastKnownFileType = folder.assetcatalog; path = Assets.xcassets; sourceTree = "<group>"; };
		1BCB5331282AAEE500AAF7A4 /* Preview Assets.xcassets */ = {isa = PBXFileReference; lastKnownFileType = folder.assetcatalog; path = "Preview Assets.xcassets"; sourceTree = "<group>"; };
		1BCB5338282AAF0700AAF7A4 /* splashView.swift */ = {isa = PBXFileReference; fileEncoding = 4; lastKnownFileType = sourcecode.swift; path = splashView.swift; sourceTree = "<group>"; };
		1BCB533F282AB3B500AAF7A4 /* UIHelper.swift */ = {isa = PBXFileReference; lastKnownFileType = sourcecode.swift; path = UIHelper.swift; sourceTree = "<group>"; };
		1BCB5341282AB4B400AAF7A4 /* WelcomeView.swift */ = {isa = PBXFileReference; lastKnownFileType = sourcecode.swift; path = WelcomeView.swift; sourceTree = "<group>"; };
		1BCB5343282ABE1900AAF7A4 /* LoginView.swift */ = {isa = PBXFileReference; lastKnownFileType = sourcecode.swift; path = LoginView.swift; sourceTree = "<group>"; };
		1BE0AB95284F9E6C00CD5751 /* EventDetailView.swift */ = {isa = PBXFileReference; lastKnownFileType = sourcecode.swift; path = EventDetailView.swift; sourceTree = "<group>"; };
/* End PBXFileReference section */

/* Begin PBXFrameworksBuildPhase section */
		1BCB5324282AAEE100AAF7A4 /* Frameworks */ = {
			isa = PBXFrameworksBuildPhase;
			buildActionMask = 2147483647;
			files = (
			);
			runOnlyForDeploymentPostprocessing = 0;
		};
/* End PBXFrameworksBuildPhase section */

/* Begin PBXGroup section */
		1B5BC7EF2833E39E009A7DFC /* Models */ = {
			isa = PBXGroup;
			children = (
				1B5BC7F02833E3C8009A7DFC /* UserModel.swift */,
				1B5BC7F22833E4D1009A7DFC /* ResponseModel.swift */,
				1B890C76283D345F00CC0A77 /* EventModel.swift */,
			);
			path = Models;
			sourceTree = "<group>";
		};
		1BB1D32A2833F81B00E233AB /* Helpers */ = {
			isa = PBXGroup;
			children = (
				1BCB533F282AB3B500AAF7A4 /* UIHelper.swift */,
				1BB1D3282833F7FC00E233AB /* LoginHelper.swift */,
			);
			path = Helpers;
			sourceTree = "<group>";
		};
		1BCB531E282AAEE100AAF7A4 = {
			isa = PBXGroup;
			children = (
				1BCB5329282AAEE100AAF7A4 /* eventi_silvia */,
				1BCB5328282AAEE100AAF7A4 /* Products */,
			);
			sourceTree = "<group>";
		};
		1BCB5328282AAEE100AAF7A4 /* Products */ = {
			isa = PBXGroup;
			children = (
				1BCB5327282AAEE100AAF7A4 /* eventi_silvia.app */,
			);
			name = Products;
			sourceTree = "<group>";
		};
		1BCB5329282AAEE100AAF7A4 /* eventi_silvia */ = {
			isa = PBXGroup;
			children = (
				1BCB532A282AAEE100AAF7A4 /* eventi_silviaApp.swift */,
				1BCB5338282AAF0700AAF7A4 /* splashView.swift */,
				1B5BC7ED2833E0AB009A7DFC /* DBNetworking.swift */,
				1BCB5341282AB4B400AAF7A4 /* WelcomeView.swift */,
				1B890C74283D33E200CC0A77 /* EventsView.swift */,
				1B8BAC9D285384EA00BE4A07 /* ImageView.swift */,
				1B8BAC9F2853A46800BE4A07 /* CartView.swift */,
				1B8BACA12853A57600BE4A07 /* ProfileView.swift */,
				1BE0AB95284F9E6C00CD5751 /* EventDetailView.swift */,
				1BB1D3262833F76D00E233AB /* HomeView.swift */,
				1BCB5343282ABE1900AAF7A4 /* LoginView.swift */,
				1B5BC7EF2833E39E009A7DFC /* Models */,
				1BB1D32A2833F81B00E233AB /* Helpers */,
				1BCB532E282AAEE500AAF7A4 /* Assets.xcassets */,
				1BCB5330282AAEE500AAF7A4 /* Preview Content */,
			);
			path = eventi_silvia;
			sourceTree = "<group>";
		};
		1BCB5330282AAEE500AAF7A4 /* Preview Content */ = {
			isa = PBXGroup;
			children = (
				1BCB5331282AAEE500AAF7A4 /* Preview Assets.xcassets */,
			);
			path = "Preview Content";
			sourceTree = "<group>";
		};
/* End PBXGroup section */

/* Begin PBXNativeTarget section */
		1BCB5326282AAEE100AAF7A4 /* eventi_silvia */ = {
			isa = PBXNativeTarget;
			buildConfigurationList = 1BCB5335282AAEE500AAF7A4 /* Build configuration list for PBXNativeTarget "eventi_silvia" */;
			buildPhases = (
				1BCB5323282AAEE100AAF7A4 /* Sources */,
				1BCB5324282AAEE100AAF7A4 /* Frameworks */,
				1BCB5325282AAEE100AAF7A4 /* Resources */,
			);
			buildRules = (
			);
			dependencies = (
			);
			name = eventi_silvia;
			packageProductDependencies = (
			);
			productName = eventi_silvia;
			productReference = 1BCB5327282AAEE100AAF7A4 /* eventi_silvia.app */;
			productType = "com.apple.product-type.application";
		};
/* End PBXNativeTarget section */

/* Begin PBXProject section */
		1BCB531F282AAEE100AAF7A4 /* Project object */ = {
			isa = PBXProject;
			attributes = {
				BuildIndependentTargetsInParallel = 1;
				LastSwiftUpdateCheck = 1300;
				LastUpgradeCheck = 1300;
				TargetAttributes = {
					1BCB5326282AAEE100AAF7A4 = {
						CreatedOnToolsVersion = 13.0;
					};
				};
			};
			buildConfigurationList = 1BCB5322282AAEE100AAF7A4 /* Build configuration list for PBXProject "eventi_silvia" */;
			compatibilityVersion = "Xcode 13.0";
			developmentRegion = en;
			hasScannedForEncodings = 0;
			knownRegions = (
				en,
				Base,
			);
			mainGroup = 1BCB531E282AAEE100AAF7A4;
			packageReferences = (
			);
			productRefGroup = 1BCB5328282AAEE100AAF7A4 /* Products */;
			projectDirPath = "";
			projectRoot = "";
			targets = (
				1BCB5326282AAEE100AAF7A4 /* eventi_silvia */,
			);
		};
/* End PBXProject section */

/* Begin PBXResourcesBuildPhase section */
		1BCB5325282AAEE100AAF7A4 /* Resources */ = {
			isa = PBXResourcesBuildPhase;
			buildActionMask = 2147483647;
			files = (
				1BCB5332282AAEE500AAF7A4 /* Preview Assets.xcassets in Resources */,
				1BCB532F282AAEE500AAF7A4 /* Assets.xcassets in Resources */,
			);
			runOnlyForDeploymentPostprocessing = 0;
		};
/* End PBXResourcesBuildPhase section */

/* Begin PBXSourcesBuildPhase section */
		1BCB5323282AAEE100AAF7A4 /* Sources */ = {
			isa = PBXSourcesBuildPhase;
			buildActionMask = 2147483647;
			files = (
				1B8BACA02853A46800BE4A07 /* CartView.swift in Sources */,
				1BB1D3272833F76D00E233AB /* HomeView.swift in Sources */,
				1BE0AB96284F9E6C00CD5751 /* EventDetailView.swift in Sources */,
				1BCB5339282AAF0700AAF7A4 /* splashView.swift in Sources */,
				1B5BC7F12833E3C8009A7DFC /* UserModel.swift in Sources */,
				1B5BC7EE2833E0AB009A7DFC /* DBNetworking.swift in Sources */,
				1BCB532B282AAEE100AAF7A4 /* eventi_silviaApp.swift in Sources */,
				1BCB5340282AB3B500AAF7A4 /* UIHelper.swift in Sources */,
				1B8BACA22853A57600BE4A07 /* ProfileView.swift in Sources */,
				1BCB5344282ABE1900AAF7A4 /* LoginView.swift in Sources */,
				1B5BC7F32833E4D1009A7DFC /* ResponseModel.swift in Sources */,
				1BCB5342282AB4B400AAF7A4 /* WelcomeView.swift in Sources */,
				1B890C75283D33E200CC0A77 /* EventsView.swift in Sources */,
				1B890C77283D345F00CC0A77 /* EventModel.swift in Sources */,
				1B8BAC9E285384EA00BE4A07 /* ImageView.swift in Sources */,
				1BB1D3292833F7FC00E233AB /* LoginHelper.swift in Sources */,
			);
			runOnlyForDeploymentPostprocessing = 0;
		};
/* End PBXSourcesBuildPhase section */

/* Begin XCBuildConfiguration section */
		1BCB5333282AAEE500AAF7A4 /* Debug */ = {
			isa = XCBuildConfiguration;
			buildSettings = {
				ALWAYS_SEARCH_USER_PATHS = NO;
				CLANG_ANALYZER_NONNULL = YES;
				CLANG_ANALYZER_NUMBER_OBJECT_CONVERSION = YES_AGGRESSIVE;
				CLANG_CXX_LANGUAGE_STANDARD = "gnu++17";
				CLANG_CXX_LIBRARY = "libc++";
				CLANG_ENABLE_MODULES = YES;
				CLANG_ENABLE_OBJC_ARC = YES;
				CLANG_ENABLE_OBJC_WEAK = YES;
				CLANG_WARN_BLOCK_CAPTURE_AUTORELEASING = YES;
				CLANG_WARN_BOOL_CONVERSION = YES;
				CLANG_WARN_COMMA = YES;
				CLANG_WARN_CONSTANT_CONVERSION = YES;
				CLANG_WARN_DEPRECATED_OBJC_IMPLEMENTATIONS = YES;
				CLANG_WARN_DIRECT_OBJC_ISA_USAGE = YES_ERROR;
				CLANG_WARN_DOCUMENTATION_COMMENTS = YES;
				CLANG_WARN_EMPTY_BODY = YES;
				CLANG_WARN_ENUM_CONVERSION = YES;
				CLANG_WARN_INFINITE_RECURSION = YES;
				CLANG_WARN_INT_CONVERSION = YES;
				CLANG_WARN_NON_LITERAL_NULL_CONVERSION = YES;
				CLANG_WARN_OBJC_IMPLICIT_RETAIN_SELF = YES;
				CLANG_WARN_OBJC_LITERAL_CONVERSION = YES;
				CLANG_WARN_OBJC_ROOT_CLASS = YES_ERROR;
				CLANG_WARN_QUOTED_INCLUDE_IN_FRAMEWORK_HEADER = YES;
				CLANG_WARN_RANGE_LOOP_ANALYSIS = YES;
				CLANG_WARN_STRICT_PROTOTYPES = YES;
				CLANG_WARN_SUSPICIOUS_MOVE = YES;
				CLANG_WARN_UNGUARDED_AVAILABILITY = YES_AGGRESSIVE;
				CLANG_WARN_UNREACHABLE_CODE = YES;
				CLANG_WARN__DUPLICATE_METHOD_MATCH = YES;
				COPY_PHASE_STRIP = NO;
				DEBUG_INFORMATION_FORMAT = dwarf;
				ENABLE_STRICT_OBJC_MSGSEND = YES;
				ENABLE_TESTABILITY = YES;
				GCC_C_LANGUAGE_STANDARD = gnu11;
				GCC_DYNAMIC_NO_PIC = NO;
				GCC_NO_COMMON_BLOCKS = YES;
				GCC_OPTIMIZATION_LEVEL = 0;
				GCC_PREPROCESSOR_DEFINITIONS = (
					"DEBUG=1",
					"$(inherited)",
				);
				GCC_WARN_64_TO_32_BIT_CONVERSION = YES;
				GCC_WARN_ABOUT_RETURN_TYPE = YES_ERROR;
				GCC_WARN_UNDECLARED_SELECTOR = YES;
				GCC_WARN_UNINITIALIZED_AUTOS = YES_AGGRESSIVE;
				GCC_WARN_UNUSED_FUNCTION = YES;
				GCC_WARN_UNUSED_VARIABLE = YES;
				IPHONEOS_DEPLOYMENT_TARGET = 15.0;
				MTL_ENABLE_DEBUG_INFO = INCLUDE_SOURCE;
				MTL_FAST_MATH = YES;
				ONLY_ACTIVE_ARCH = YES;
				SDKROOT = iphoneos;
				SWIFT_ACTIVE_COMPILATION_CONDITIONS = DEBUG;
				SWIFT_OPTIMIZATION_LEVEL = "-Onone";
			};
			name = Debug;
		};
		1BCB5334282AAEE500AAF7A4 /* Release */ = {
			isa = XCBuildConfiguration;
			buildSettings = {
				ALWAYS_SEARCH_USER_PATHS = NO;
				CLANG_ANALYZER_NONNULL = YES;
				CLANG_ANALYZER_NUMBER_OBJECT_CONVERSION = YES_AGGRESSIVE;
				CLANG_CXX_LANGUAGE_STANDARD = "gnu++17";
				CLANG_CXX_LIBRARY = "libc++";
				CLANG_ENABLE_MODULES = YES;
				CLANG_ENABLE_OBJC_ARC = YES;
				CLANG_ENABLE_OBJC_WEAK = YES;
				CLANG_WARN_BLOCK_CAPTURE_AUTORELEASING = YES;
				CLANG_WARN_BOOL_CONVERSION = YES;
				CLANG_WARN_COMMA = YES;
				CLANG_WARN_CONSTANT_CONVERSION = YES;
				CLANG_WARN_DEPRECATED_OBJC_IMPLEMENTATIONS = YES;
				CLANG_WARN_DIRECT_OBJC_ISA_USAGE = YES_ERROR;
				CLANG_WARN_DOCUMENTATION_COMMENTS = YES;
				CLANG_WARN_EMPTY_BODY = YES;
				CLANG_WARN_ENUM_CONVERSION = YES;
				CLANG_WARN_INFINITE_RECURSION = YES;
				CLANG_WARN_INT_CONVERSION = YES;
				CLANG_WARN_NON_LITERAL_NULL_CONVERSION = YES;
				CLANG_WARN_OBJC_IMPLICIT_RETAIN_SELF = YES;
				CLANG_WARN_OBJC_LITERAL_CONVERSION = YES;
				CLANG_WARN_OBJC_ROOT_CLASS = YES_ERROR;
				CLANG_WARN_QUOTED_INCLUDE_IN_FRAMEWORK_HEADER = YES;
				CLANG_WARN_RANGE_LOOP_ANALYSIS = YES;
				CLANG_WARN_STRICT_PROTOTYPES = YES;
				CLANG_WARN_SUSPICIOUS_MOVE = YES;
				CLANG_WARN_UNGUARDED_AVAILABILITY = YES_AGGRESSIVE;
				CLANG_WARN_UNREACHABLE_CODE = YES;
				CLANG_WARN__DUPLICATE_METHOD_MATCH = YES;
				COPY_PHASE_STRIP = NO;
				DEBUG_INFORMATION_FORMAT = "dwarf-with-dsym";
				ENABLE_NS_ASSERTIONS = NO;
				ENABLE_STRICT_OBJC_MSGSEND = YES;
				GCC_C_LANGUAGE_STANDARD = gnu11;
				GCC_NO_COMMON_BLOCKS = YES;
				GCC_WARN_64_TO_32_BIT_CONVERSION = YES;
				GCC_WARN_ABOUT_RETURN_TYPE = YES_ERROR;
				GCC_WARN_UNDECLARED_SELECTOR = YES;
				GCC_WARN_UNINITIALIZED_AUTOS = YES_AGGRESSIVE;
				GCC_WARN_UNUSED_FUNCTION = YES;
				GCC_WARN_UNUSED_VARIABLE = YES;
				IPHONEOS_DEPLOYMENT_TARGET = 15.0;
				MTL_ENABLE_DEBUG_INFO = NO;
				MTL_FAST_MATH = YES;
				SDKROOT = iphoneos;
				SWIFT_COMPILATION_MODE = wholemodule;
				SWIFT_OPTIMIZATION_LEVEL = "-O";
				VALIDATE_PRODUCT = YES;
			};
			name = Release;
		};
		1BCB5336282AAEE500AAF7A4 /* Debug */ = {
			isa = XCBuildConfiguration;
			buildSettings = {
				ASSETCATALOG_COMPILER_APPICON_NAME = AppIcon;
				ASSETCATALOG_COMPILER_GLOBAL_ACCENT_COLOR_NAME = AccentColor;
				CODE_SIGN_STYLE = Automatic;
				CURRENT_PROJECT_VERSION = 1;
				DEVELOPMENT_ASSET_PATHS = "\"eventi_silvia/Preview Content\"";
				ENABLE_PREVIEWS = YES;
				GENERATE_INFOPLIST_FILE = YES;
				INFOPLIST_KEY_UIApplicationSceneManifest_Generation = YES;
				INFOPLIST_KEY_UIApplicationSupportsIndirectInputEvents = YES;
				INFOPLIST_KEY_UILaunchScreen_Generation = YES;
				INFOPLIST_KEY_UISupportedInterfaceOrientations_iPad = "UIInterfaceOrientationPortrait UIInterfaceOrientationPortraitUpsideDown UIInterfaceOrientationLandscapeLeft UIInterfaceOrientationLandscapeRight";
				INFOPLIST_KEY_UISupportedInterfaceOrientations_iPhone = "UIInterfaceOrientationPortrait UIInterfaceOrientationLandscapeLeft UIInterfaceOrientationLandscapeRight";
				IPHONEOS_DEPLOYMENT_TARGET = 15.0;
				LD_RUNPATH_SEARCH_PATHS = (
					"$(inherited)",
					"@executable_path/Frameworks",
				);
				MARKETING_VERSION = 1.0;
				PRODUCT_BUNDLE_IDENTIFIER = "test.eventi-silvia";
				PRODUCT_NAME = "$(TARGET_NAME)";
				SWIFT_EMIT_LOC_STRINGS = YES;
				SWIFT_VERSION = 5.0;
				TARGETED_DEVICE_FAMILY = "1,2";
			};
			name = Debug;
		};
		1BCB5337282AAEE500AAF7A4 /* Release */ = {
			isa = XCBuildConfiguration;
			buildSettings = {
				ASSETCATALOG_COMPILER_APPICON_NAME = AppIcon;
				ASSETCATALOG_COMPILER_GLOBAL_ACCENT_COLOR_NAME = AccentColor;
				CODE_SIGN_STYLE = Automatic;
				CURRENT_PROJECT_VERSION = 1;
				DEVELOPMENT_ASSET_PATHS = "\"eventi_silvia/Preview Content\"";
				ENABLE_PREVIEWS = YES;
				GENERATE_INFOPLIST_FILE = YES;
				INFOPLIST_KEY_UIApplicationSceneManifest_Generation = YES;
				INFOPLIST_KEY_UIApplicationSupportsIndirectInputEvents = YES;
				INFOPLIST_KEY_UILaunchScreen_Generation = YES;
				INFOPLIST_KEY_UISupportedInterfaceOrientations_iPad = "UIInterfaceOrientationPortrait UIInterfaceOrientationPortraitUpsideDown UIInterfaceOrientationLandscapeLeft UIInterfaceOrientationLandscapeRight";
				INFOPLIST_KEY_UISupportedInterfaceOrientations_iPhone = "UIInterfaceOrientationPortrait UIInterfaceOrientationLandscapeLeft UIInterfaceOrientationLandscapeRight";
				IPHONEOS_DEPLOYMENT_TARGET = 15.0;
				LD_RUNPATH_SEARCH_PATHS = (
					"$(inherited)",
					"@executable_path/Frameworks",
				);
				MARKETING_VERSION = 1.0;
				PRODUCT_BUNDLE_IDENTIFIER = "test.eventi-silvia";
				PRODUCT_NAME = "$(TARGET_NAME)";
				SWIFT_EMIT_LOC_STRINGS = YES;
				SWIFT_VERSION = 5.0;
				TARGETED_DEVICE_FAMILY = "1,2";
			};
			name = Release;
		};
/* End XCBuildConfiguration section */

/* Begin XCConfigurationList section */
		1BCB5322282AAEE100AAF7A4 /* Build configuration list for PBXProject "eventi_silvia" */ = {
			isa = XCConfigurationList;
			buildConfigurations = (
				1BCB5333282AAEE500AAF7A4 /* Debug */,
				1BCB5334282AAEE500AAF7A4 /* Release */,
			);
			defaultConfigurationIsVisible = 0;
			defaultConfigurationName = Release;
		};
		1BCB5335282AAEE500AAF7A4 /* Build configuration list for PBXNativeTarget "eventi_silvia" */ = {
			isa = XCConfigurationList;
			buildConfigurations = (
				1BCB5336282AAEE500AAF7A4 /* Debug */,
				1BCB5337282AAEE500AAF7A4 /* Release */,
			);
			defaultConfigurationIsVisible = 0;
			defaultConfigurationName = Release;
		};
/* End XCConfigurationList section */
	};
	rootObject = 1BCB531F282AAEE100AAF7A4 /* Project object */;
}
